
Microsoft Visual Studio Solution File, Format Version 12.00
# Visual Studio Version 16
VisualStudioVersion = 16.0.28803.202
MinimumVisualStudioVersion = 10.0.40219.1
Project("{FAE04EC0-301F-11D3-BF4B-00C04F79EFBC}") = "RealTimeStockPrice", "RealTimeStockPrice\RealTimeStockPrice.csproj", "{EACD1264-D711-481C-9149-BDEEE4E1D41F}"
EndProject
Project("{FAE04EC0-301F-11D3-BF4B-00C04F79EFBC}") = "StockPriceTest", "StockPriceTest\StockPriceTest.csproj", "{E9AE9199-8036-4E8C-A6AF-BC91A230FBCA}"
EndProject
Project("{FAE04EC0-301F-11D3-BF4B-00C04F79EFBC}") = "StockMaster", "StockMaster\StockMaster.csproj", "{48887959-34C3-4DE1-A398-02D606BA5210}"
EndProject
Global
	GlobalSection(SolutionConfigurationPlatforms) = preSolution
		Debug|Any CPU = Debug|Any CPU
		Release|Any CPU = Release|Any CPU
	EndGlobalSection
	GlobalSection(ProjectConfigurationPlatforms) = postSolution
		{EACD1264-D711-481C-9149-BDEEE4E1D41F}.Debug|Any CPU.ActiveCfg = Debug|Any CPU
		{EACD1264-D711-481C-9149-BDEEE4E1D41F}.Debug|Any CPU.Build.0 = Debug|Any CPU
		{EACD1264-D711-481C-9149-BDEEE4E1D41F}.Release|Any CPU.ActiveCfg = Release|Any CPU
		{EACD1264-D711-481C-9149-BDEEE4E1D41F}.Release|Any CPU.Build.0 = Release|Any CPU
		{E9AE9199-8036-4E8C-A6AF-BC91A230FBCA}.Debug|Any CPU.ActiveCfg = Debug|Any CPU
		{E9AE9199-8036-4E8C-A6AF-BC91A230FBCA}.Debug|Any CPU.Build.0 = Debug|Any CPU
		{E9AE9199-8036-4E8C-A6AF-BC91A230FBCA}.Release|Any CPU.ActiveCfg = Release|Any CPU
		{E9AE9199-8036-4E8C-A6AF-BC91A230FBCA}.Release|Any CPU.Build.0 = Release|Any CPU
		{48887959-34C3-4DE1-A398-02D606BA5210}.Debug|Any CPU.ActiveCfg = Debug|Any CPU
		{48887959-34C3-4DE1-A398-02D606BA5210}.Debug|Any CPU.Build.0 = Debug|Any CPU
		{48887959-34C3-4DE1-A398-02D606BA5210}.Release|Any CPU.ActiveCfg = Release|Any CPU
		{48887959-34C3-4DE1-A398-02D606BA5210}.Release|Any CPU.Build.0 = Release|Any CPU
	EndGlobalSection
	GlobalSection(SolutionProperties) = preSolution
		HideSolutionNode = FALSE
	EndGlobalSection
	GlobalSection(ExtensibilityGlobals) = postSolution
		SolutionGuid = {048876E4-5841-4CC3-A742-3EB81BD80493}
	EndGlobalSection
EndGlobal
